
Microsoft Visual Studio Solution File, Format Version 12.00
# Visual Studio 2015
Project("{FAE04EC0-301F-11D3-BF4B-00C04F79EFBC}") = "TerrainMulti.CSharp", "TerrainMulti.CSharp.csproj", "{B83E918D-B893-8747-60FF-C755C71F65AF}"
EndProject
Project("{FAE04EC0-301F-11D3-BF4B-00C04F79EFBC}") = "TerrainMulti.CSharp.Editor", "TerrainMulti.CSharp.Editor.csproj", "{939DF953-C6E9-A95C-9932-6F841D0C534C}"
EndProject
Global
	GlobalSection(SolutionConfigurationPlatforms) = preSolution
		Debug|Any CPU = Debug|Any CPU
		Release|Any CPU = Release|Any CPU
	EndGlobalSection
	GlobalSection(ProjectConfigurationPlatforms) = postSolution
		{B83E918D-B893-8747-60FF-C755C71F65AF}.Debug|Any CPU.ActiveCfg = Debug|Any CPU
		{B83E918D-B893-8747-60FF-C755C71F65AF}.Debug|Any CPU.Build.0 = Debug|Any CPU
		{B83E918D-B893-8747-60FF-C755C71F65AF}.Release|Any CPU.ActiveCfg = Release|Any CPU
		{B83E918D-B893-8747-60FF-C755C71F65AF}.Release|Any CPU.Build.0 = Release|Any CPU
		{939DF953-C6E9-A95C-9932-6F841D0C534C}.Debug|Any CPU.ActiveCfg = Debug|Any CPU
		{939DF953-C6E9-A95C-9932-6F841D0C534C}.Debug|Any CPU.Build.0 = Debug|Any CPU
		{939DF953-C6E9-A95C-9932-6F841D0C534C}.Release|Any CPU.ActiveCfg = Release|Any CPU
		{939DF953-C6E9-A95C-9932-6F841D0C534C}.Release|Any CPU.Build.0 = Release|Any CPU
	EndGlobalSection
	GlobalSection(SolutionProperties) = preSolution
		HideSolutionNode = FALSE
	EndGlobalSection
EndGlobal
